
Microsoft Visual Studio Solution File, Format Version 12.00
# Visual Studio Version 17
VisualStudioVersion = 17.6.33723.286
MinimumVisualStudioVersion = 10.0.40219.1
Project("{FAE04EC0-301F-11D3-BF4B-00C04F79EFBC}") = "Lista de super carros", "Lista de super carros.csproj", "{3DE5F78F-0C75-4212-A19B-51715A9DE86D}"
EndProject
Global
	GlobalSection(SolutionConfigurationPlatforms) = preSolution
		Debug|Any CPU = Debug|Any CPU
		Release|Any CPU = Release|Any CPU
	EndGlobalSection
	GlobalSection(ProjectConfigurationPlatforms) = postSolution
		{3DE5F78F-0C75-4212-A19B-51715A9DE86D}.Debug|Any CPU.ActiveCfg = Debug|Any CPU
		{3DE5F78F-0C75-4212-A19B-51715A9DE86D}.Debug|Any CPU.Build.0 = Debug|Any CPU
		{3DE5F78F-0C75-4212-A19B-51715A9DE86D}.Release|Any CPU.ActiveCfg = Release|Any CPU
		{3DE5F78F-0C75-4212-A19B-51715A9DE86D}.Release|Any CPU.Build.0 = Release|Any CPU
	EndGlobalSection
	GlobalSection(SolutionProperties) = preSolution
		HideSolutionNode = FALSE
	EndGlobalSection
	GlobalSection(ExtensibilityGlobals) = postSolution
		SolutionGuid = {E1499D14-1A04-47A3-B0BC-571D32E77AD5}
	EndGlobalSection
EndGlobal
