
Microsoft Visual Studio Solution File, Format Version 12.00
# Visual Studio Version 17
VisualStudioVersion = 17.6.33723.286
MinimumVisualStudioVersion = 10.0.40219.1
Project("{FAE04EC0-301F-11D3-BF4B-00C04F79EFBC}") = "Projeto_Jogo_Advinha_Numero", "Projeto_Jogo_Advinha_Numero.csproj", "{C083F994-2FEC-4560-B0EF-9E18DA4676C0}"
EndProject
Global
	GlobalSection(SolutionConfigurationPlatforms) = preSolution
		Debug|Any CPU = Debug|Any CPU
		Release|Any CPU = Release|Any CPU
	EndGlobalSection
	GlobalSection(ProjectConfigurationPlatforms) = postSolution
		{C083F994-2FEC-4560-B0EF-9E18DA4676C0}.Debug|Any CPU.ActiveCfg = Debug|Any CPU
		{C083F994-2FEC-4560-B0EF-9E18DA4676C0}.Debug|Any CPU.Build.0 = Debug|Any CPU
		{C083F994-2FEC-4560-B0EF-9E18DA4676C0}.Release|Any CPU.ActiveCfg = Release|Any CPU
		{C083F994-2FEC-4560-B0EF-9E18DA4676C0}.Release|Any CPU.Build.0 = Release|Any CPU
	EndGlobalSection
	GlobalSection(SolutionProperties) = preSolution
		HideSolutionNode = FALSE
	EndGlobalSection
	GlobalSection(ExtensibilityGlobals) = postSolution
		SolutionGuid = {82F7FB8C-EC44-4DAA-B55D-AC0768EF9839}
	EndGlobalSection
EndGlobal
