
Microsoft Visual Studio Solution File, Format Version 12.00
# Visual Studio Version 17
VisualStudioVersion = 17.6.33723.286
MinimumVisualStudioVersion = 10.0.40219.1
Project("{FAE04EC0-301F-11D3-BF4B-00C04F79EFBC}") = "Projeto_Screen_Sound_2", "Projeto_Screen_Sound_2.csproj", "{5FCA4C78-92D5-4118-8A0F-E332F03A504A}"
EndProject
Global
	GlobalSection(SolutionConfigurationPlatforms) = preSolution
		Debug|Any CPU = Debug|Any CPU
		Release|Any CPU = Release|Any CPU
	EndGlobalSection
	GlobalSection(ProjectConfigurationPlatforms) = postSolution
		{5FCA4C78-92D5-4118-8A0F-E332F03A504A}.Debug|Any CPU.ActiveCfg = Debug|Any CPU
		{5FCA4C78-92D5-4118-8A0F-E332F03A504A}.Debug|Any CPU.Build.0 = Debug|Any CPU
		{5FCA4C78-92D5-4118-8A0F-E332F03A504A}.Release|Any CPU.ActiveCfg = Release|Any CPU
		{5FCA4C78-92D5-4118-8A0F-E332F03A504A}.Release|Any CPU.Build.0 = Release|Any CPU
	EndGlobalSection
	GlobalSection(SolutionProperties) = preSolution
		HideSolutionNode = FALSE
	EndGlobalSection
	GlobalSection(ExtensibilityGlobals) = postSolution
		SolutionGuid = {BA497E8C-9D5E-4EF2-9350-D79CBA780B85}
	EndGlobalSection
EndGlobal
