
Microsoft Visual Studio Solution File, Format Version 12.00
# Visual Studio Version 17
VisualStudioVersion = 17.6.33723.286
MinimumVisualStudioVersion = 10.0.40219.1
Project("{FAE04EC0-301F-11D3-BF4B-00C04F79EFBC}") = "Escola de programação", "Escola de programação.csproj", "{4FBBB4E8-419B-4CDC-B486-B04774A0F433}"
EndProject
Global
	GlobalSection(SolutionConfigurationPlatforms) = preSolution
		Debug|Any CPU = Debug|Any CPU
		Release|Any CPU = Release|Any CPU
	EndGlobalSection
	GlobalSection(ProjectConfigurationPlatforms) = postSolution
		{4FBBB4E8-419B-4CDC-B486-B04774A0F433}.Debug|Any CPU.ActiveCfg = Debug|Any CPU
		{4FBBB4E8-419B-4CDC-B486-B04774A0F433}.Debug|Any CPU.Build.0 = Debug|Any CPU
		{4FBBB4E8-419B-4CDC-B486-B04774A0F433}.Release|Any CPU.ActiveCfg = Release|Any CPU
		{4FBBB4E8-419B-4CDC-B486-B04774A0F433}.Release|Any CPU.Build.0 = Release|Any CPU
	EndGlobalSection
	GlobalSection(SolutionProperties) = preSolution
		HideSolutionNode = FALSE
	EndGlobalSection
	GlobalSection(ExtensibilityGlobals) = postSolution
		SolutionGuid = {F5FD07DC-CCDB-43A7-B22B-CEF7808B142A}
	EndGlobalSection
EndGlobal
